
Microsoft Visual Studio Solution File, Format Version 12.00
# Visual Studio Version 17
VisualStudioVersion = 17.8.34601.278
MinimumVisualStudioVersion = 10.0.40219.1
Project("{FAE04EC0-301F-11D3-BF4B-00C04F79EFBC}") = "FlowerShop", "FlowerShop.csproj", "{D6846E7F-B8F2-4626-9318-D3E16BF17909}"
EndProject
Global
	GlobalSection(SolutionConfigurationPlatforms) = preSolution
		Debug|Any CPU = Debug|Any CPU
		Release|Any CPU = Release|Any CPU
	EndGlobalSection
	GlobalSection(ProjectConfigurationPlatforms) = postSolution
		{D6846E7F-B8F2-4626-9318-D3E16BF17909}.Debug|Any CPU.ActiveCfg = Debug|Any CPU
		{D6846E7F-B8F2-4626-9318-D3E16BF17909}.Debug|Any CPU.Build.0 = Debug|Any CPU
		{D6846E7F-B8F2-4626-9318-D3E16BF17909}.Release|Any CPU.ActiveCfg = Release|Any CPU
		{D6846E7F-B8F2-4626-9318-D3E16BF17909}.Release|Any CPU.Build.0 = Release|Any CPU
	EndGlobalSection
	GlobalSection(SolutionProperties) = preSolution
		HideSolutionNode = FALSE
	EndGlobalSection
	GlobalSection(ExtensibilityGlobals) = postSolution
		SolutionGuid = {BB320D64-CC4C-480C-B776-9084CE4E0CFB}
	EndGlobalSection
EndGlobal
